PODS:
  - Bolts/Tasks (1.9.0)
  - Parse (1.17.2):
    - Parse/Core (= 1.17.2)
  - Parse/Core (1.17.2):
    - Bolts/Tasks (~> 1.9)
  - RSKPlaceholderTextView (4.0.0)

DEPENDENCIES:
  - Parse
  - RSKPlaceholderTextView

SPEC REPOS:
  https://github.com/cocoapods/specs.git:
    - Bolts
    - Parse
    - RSKPlaceholderTextView

SPEC CHECKSUMS:
  Bolts: ac6567323eac61e203f6a9763667d0f711be34c8
  Parse: 3b31a3dd1777b07ee7f0caee32fafbff544483a5
  RSKPlaceholderTextView: 15f1dc1883e103ea605874b863f19ff6b08496d5

PODFILE CHECKSUM: ecee219f6ac4d89a40e14655b6a3a05a0198adb2

COCOAPODS: 1.5.3
